// !$*UTF8*$!
{
	archiveVersion = 1;
	classes = {
	};
	objectVersion = 46;
	objects = {

/* Begin PBXBuildFile section */
		4481F8CA1E326E3E002FA88E /* AppDelegate.swift in Sources */ = {isa = PBXBuildFile; fileRef = 4481F8C91E326E3E002FA88E /* AppDelegate.swift */; };
		4481F8CC1E326E3E002FA88E /* ViewController.swift in Sources */ = {isa = PBXBuildFile; fileRef = 4481F8CB1E326E3E002FA88E /* ViewController.swift */; };
		4481F8CF1E326E3E002FA88E /* Main.storyboard in Resources */ = {isa = PBXBuildFile; fileRef = 4481F8CD1E326E3E002FA88E /* Main.storyboard */; };
		4481F8D11E326E3E002FA88E /* Assets.xcassets in Resources */ = {isa = PBXBuildFile; fileRef = 4481F8D01E326E3E002FA88E /* Assets.xcassets */; };
		4481F8D41E326E3E002FA88E /* LaunchScreen.storyboard in Resources */ = {isa = PBXBuildFile; fileRef = 4481F8D21E326E3E002FA88E /* LaunchScreen.storyboard */; };
		4481F8F21E327145002FA88E /* SnapshotLocationServicesBugUITests.swift in Sources */ = {isa = PBXBuildFile; fileRef = 4481F8F11E327145002FA88E /* SnapshotLocationServicesBugUITests.swift */; };
		4481F8FA1E327154002FA88E /* SnapshotHelper.swift in Sources */ = {isa = PBXBuildFile; fileRef = 4481F8F91E327154002FA88E /* SnapshotHelper.swift */; };
/* End PBXBuildFile section */

/* Begin PBXContainerItemProxy section */
		4481F8F41E327145002FA88E /* PBXContainerItemProxy */ = {
			isa = PBXContainerItemProxy;
			containerPortal = 4481F8BE1E326E3E002FA88E /* Project object */;
			proxyType = 1;
			remoteGlobalIDString = 4481F8C51E326E3E002FA88E;
			remoteInfo = SnapshotLocationServicesBug;
		};
/* End PBXContainerItemProxy section */

/* Begin PBXFileReference section */
		4481F8C61E326E3E002FA88E /* SnapshotLocationServicesBug.app */ = {isa = PBXFileReference; explicitFileType = wrapper.application; includeInIndex = 0; path = SnapshotLocationServicesBug.app; sourceTree = BUILT_PRODUCTS_DIR; };
		4481F8C91E326E3E002FA88E /* AppDelegate.swift */ = {isa = PBXFileReference; lastKnownFileType = sourcecode.swift; path = AppDelegate.swift; sourceTree = "<group>"; };
		4481F8CB1E326E3E002FA88E /* ViewController.swift */ = {isa = PBXFileReference; lastKnownFileType = sourcecode.swift; path = ViewController.swift; sourceTree = "<group>"; };
		4481F8CE1E326E3E002FA88E /* Base */ = {isa = PBXFileReference; lastKnownFileType = file.storyboard; name = Base; path = Base.lproj/Main.storyboard; sourceTree = "<group>"; };
		4481F8D01E326E3E002FA88E /* Assets.xcassets */ = {isa = PBXFileReference; lastKnownFileType = folder.assetcatalog; path = Assets.xcassets; sourceTree = "<group>"; };
		4481F8D31E326E3E002FA88E /* Base */ = {isa = PBXFileReference; lastKnownFileType = file.storyboard; name = Base; path = Base.lproj/LaunchScreen.storyboard; sourceTree = "<group>"; };
		4481F8D51E326E3E002FA88E /* Info.plist */ = {isa = PBXFileReference; lastKnownFileType = text.plist.xml; path = Info.plist; sourceTree = "<group>"; };
		4481F8EF1E327145002FA88E /* SnapshotLocationServicesBugUITests.xctest */ = {isa = PBXFileReference; explicitFileType = wrapper.cfbundle; includeInIndex = 0; path = SnapshotLocationServicesBugUITests.xctest; sourceTree = BUILT_PRODUCTS_DIR; };
		4481F8F11E327145002FA88E /* SnapshotLocationServicesBugUITests.swift */ = {isa = PBXFileReference; lastKnownFileType = sourcecode.swift; path = SnapshotLocationServicesBugUITests.swift; sourceTree = "<group>"; };
		4481F8F31E327145002FA88E /* Info.plist */ = {isa = PBXFileReference; lastKnownFileType = text.plist.xml; path = Info.plist; sourceTree = "<group>"; };
		4481F8F91E327154002FA88E /* SnapshotHelper.swift */ = {isa = PBXFileReference; fileEncoding = 4; lastKnownFileType = sourcecode.swift; path = SnapshotHelper.swift; sourceTree = SOURCE_ROOT; };
/* End PBXFileReference section */

/* Begin PBXFrameworksBuildPhase section */
		4481F8C31E326E3E002FA88E /* Frameworks */ = {
			isa = PBXFrameworksBuildPhase;
			buildActionMask = 2147483647;
			files = (
			);
			runOnlyForDeploymentPostprocessing = 0;
		};
		4481F8EC1E327145002FA88E /* Frameworks */ = {
			isa = PBXFrameworksBuildPhase;
			buildActionMask = 2147483647;
			files = (
			);
			runOnlyForDeploymentPostprocessing = 0;
		};
/* End PBXFrameworksBuildPhase section */

/* Begin PBXGroup section */
		4481F8BD1E326E3E002FA88E = {
			isa = PBXGroup;
			children = (
				4481F8C81E326E3E002FA88E /* SnapshotLocationServicesBug */,
				4481F8F01E327145002FA88E /* SnapshotLocationServicesBugUITests */,
				4481F8C71E326E3E002FA88E /* Products */,
			);
			sourceTree = "<group>";
		};
		4481F8C71E326E3E002FA88E /* Products */ = {
			isa = PBXGroup;
			children = (
				4481F8C61E326E3E002FA88E /* SnapshotLocationServicesBug.app */,
				4481F8EF1E327145002FA88E /* SnapshotLocationServicesBugUITests.xctest */,
			);
			name = Products;
			sourceTree = "<group>";
		};
		4481F8C81E326E3E002FA88E /* SnapshotLocationServicesBug */ = {
			isa = PBXGroup;
			children = (
				4481F8C91E326E3E002FA88E /* AppDelegate.swift */,
				4481F8CB1E326E3E002FA88E /* ViewController.swift */,
				4481F8CD1E326E3E002FA88E /* Main.storyboard */,
				4481F8D01E326E3E002FA88E /* Assets.xcassets */,
				4481F8D21E326E3E002FA88E /* LaunchScreen.storyboard */,
				4481F8D51E326E3E002FA88E /* Info.plist */,
			);
			path = SnapshotLocationServicesBug;
			sourceTree = "<group>";
		};
		4481F8F01E327145002FA88E /* SnapshotLocationServicesBugUITests */ = {
			isa = PBXGroup;
			children = (
				4481F8F11E327145002FA88E /* SnapshotLocationServicesBugUITests.swift */,
				4481F8F91E327154002FA88E /* SnapshotHelper.swift */,
				4481F8F31E327145002FA88E /* Info.plist */,
			);
			path = SnapshotLocationServicesBugUITests;
			sourceTree = "<group>";
		};
/* End PBXGroup section */

/* Begin PBXNativeTarget section */
		4481F8C51E326E3E002FA88E /* SnapshotLocationServicesBug */ = {
			isa = PBXNativeTarget;
			buildConfigurationList = 4481F8D81E326E3E002FA88E /* Build configuration list for PBXNativeTarget "SnapshotLocationServicesBug" */;
			buildPhases = (
				4481F8C21E326E3E002FA88E /* Sources */,
				4481F8C31E326E3E002FA88E /* Frameworks */,
				4481F8C41E326E3E002FA88E /* Resources */,
			);
			buildRules = (
			);
			dependencies = (
			);
			name = SnapshotLocationServicesBug;
			productName = SnapshotLocationServicesBug;
			productReference = 4481F8C61E326E3E002FA88E /* SnapshotLocationServicesBug.app */;
			productType = "com.apple.product-type.application";
		};
		4481F8EE1E327145002FA88E /* SnapshotLocationServicesBugUITests */ = {
			isa = PBXNativeTarget;
			buildConfigurationList = 4481F8F61E327145002FA88E /* Build configuration list for PBXNativeTarget "SnapshotLocationServicesBugUITests" */;
			buildPhases = (
				4481F8EB1E327145002FA88E /* Sources */,
				4481F8EC1E327145002FA88E /* Frameworks */,
				4481F8ED1E327145002FA88E /* Resources */,
			);
			buildRules = (
			);
			dependencies = (
				4481F8F51E327145002FA88E /* PBXTargetDependency */,
			);
			name = SnapshotLocationServicesBugUITests;
			productName = SnapshotLocationServicesBugUITests;
			productReference = 4481F8EF1E327145002FA88E /* SnapshotLocationServicesBugUITests.xctest */;
			productType = "com.apple.product-type.bundle.ui-testing";
		};
/* End PBXNativeTarget section */

/* Begin PBXProject section */
		4481F8BE1E326E3E002FA88E /* Project object */ = {
			isa = PBXProject;
			attributes = {
				LastSwiftUpdateCheck = 0820;
				LastUpgradeCheck = 0820;
				ORGANIZATIONNAME = "Craig Siemens";
				TargetAttributes = {
					4481F8C51E326E3E002FA88E = {
						CreatedOnToolsVersion = 8.2.1;
						ProvisioningStyle = Automatic;
					};
					4481F8EE1E327145002FA88E = {
						CreatedOnToolsVersion = 8.2.1;
						ProvisioningStyle = Automatic;
						TestTargetID = 4481F8C51E326E3E002FA88E;
					};
				};
			};
			buildConfigurationList = 4481F8C11E326E3E002FA88E /* Build configuration list for PBXProject "SnapshotLocationServicesBug" */;
			compatibilityVersion = "Xcode 3.2";
			developmentRegion = English;
			hasScannedForEncodings = 0;
			knownRegions = (
				en,
				Base,
			);
			mainGroup = 4481F8BD1E326E3E002FA88E;
			productRefGroup = 4481F8C71E326E3E002FA88E /* Products */;
			projectDirPath = "";
			projectRoot = "";
			targets = (
				4481F8C51E326E3E002FA88E /* SnapshotLocationServicesBug */,
				4481F8EE1E327145002FA88E /* SnapshotLocationServicesBugUITests */,
			);
		};
/* End PBXProject section */

/* Begin PBXResourcesBuildPhase section */
		4481F8C41E326E3E002FA88E /* Resources */ = {
			isa = PBXResourcesBuildPhase;
			buildActionMask = 2147483647;
			files = (
				4481F8D41E326E3E002FA88E /* LaunchScreen.storyboard in Resources */,
				4481F8D11E326E3E002FA88E /* Assets.xcassets in Resources */,
				4481F8CF1E326E3E002FA88E /* Main.storyboard in Resources */,
			);
			runOnlyForDeploymentPostprocessing = 0;
		};
		4481F8ED1E327145002FA88E /* Resources */ = {
			isa = PBXResourcesBuildPhase;
			buildActionMask = 2147483647;
			files = (
			);
			runOnlyForDeploymentPostprocessing = 0;
		};
/* End PBXResourcesBuildPhase section */

/* Begin PBXSourcesBuildPhase section */
		4481F8C21E326E3E002FA88E /* Sources */ = {
			isa = PBXSourcesBuildPhase;
			buildActionMask = 2147483647;
			files = (
				4481F8CC1E326E3E002FA88E /* ViewController.swift in Sources */,
				4481F8CA1E326E3E002FA88E /* AppDelegate.swift in Sources */,
			);
			runOnlyForDeploymentPostprocessing = 0;
		};
		4481F8EB1E327145002FA88E /* Sources */ = {
			isa = PBXSourcesBuildPhase;
			buildActionMask = 2147483647;
			files = (
				4481F8F21E327145002FA88E /* SnapshotLocationServicesBugUITests.swift in Sources */,
				4481F8FA1E327154002FA88E /* SnapshotHelper.swift in Sources */,
			);
			runOnlyForDeploymentPostprocessing = 0;
		};
/* End PBXSourcesBuildPhase section */

/* Begin PBXTargetDependency section */
		4481F8F51E327145002FA88E /* PBXTargetDependency */ = {
			isa = PBXTargetDependency;
			target = 4481F8C51E326E3E002FA88E /* SnapshotLocationServicesBug */;
			targetProxy = 4481F8F41E327145002FA88E /* PBXContainerItemProxy */;
		};
/* End PBXTargetDependency section */

/* Begin PBXVariantGroup section */
		4481F8CD1E326E3E002FA88E /* Main.storyboard */ = {
			isa = PBXVariantGroup;
			children = (
				4481F8CE1E326E3E002FA88E /* Base */,
			);
			name = Main.storyboard;
			sourceTree = "<group>";
		};
		4481F8D21E326E3E002FA88E /* LaunchScreen.storyboard */ = {
			isa = PBXVariantGroup;
			children = (
				4481F8D31E326E3E002FA88E /* Base */,
			);
			name = LaunchScreen.storyboard;
			sourceTree = "<group>";
		};
/* End PBXVariantGroup section */

/* Begin XCBuildConfiguration section */
		4481F8D61E326E3E002FA88E /* Debug */ = {
			isa = XCBuildConfiguration;
			buildSettings = {
				ALWAYS_SEARCH_USER_PATHS = NO;
				CLANG_ANALYZER_NONNULL = YES;
				CLANG_CXX_LANGUAGE_STANDARD = "gnu++0x";
				CLANG_CXX_LIBRARY = "libc++";
				CLANG_ENABLE_MODULES = YES;
				CLANG_ENABLE_OBJC_ARC = YES;
				CLANG_WARN_BOOL_CONVERSION = YES;
				CLANG_WARN_CONSTANT_CONVERSION = YES;
				CLANG_WARN_DIRECT_OBJC_ISA_USAGE = YES_ERROR;
				CLANG_WARN_DOCUMENTATION_COMMENTS = YES;
				CLANG_WARN_EMPTY_BODY = YES;
				CLANG_WARN_ENUM_CONVERSION = YES;
				CLANG_WARN_INFINITE_RECURSION = YES;
				CLANG_WARN_INT_CONVERSION = YES;
				CLANG_WARN_OBJC_ROOT_CLASS = YES_ERROR;
				CLANG_WARN_SUSPICIOUS_MOVE = YES;
				CLANG_WARN_UNREACHABLE_CODE = YES;
				CLANG_WARN__DUPLICATE_METHOD_MATCH = YES;
				"CODE_SIGN_IDENTITY[sdk=iphoneos*]" = "iPhone Developer";
				COPY_PHASE_STRIP = NO;
				DEBUG_INFORMATION_FORMAT = dwarf;
				ENABLE_STRICT_OBJC_MSGSEND = YES;
				ENABLE_TESTABILITY = YES;
				GCC_C_LANGUAGE_STANDARD = gnu99;
				GCC_DYNAMIC_NO_PIC = NO;
				GCC_NO_COMMON_BLOCKS = YES;
				GCC_OPTIMIZATION_LEVEL = 0;
				GCC_PREPROCESSOR_DEFINITIONS = (
					"DEBUG=1",
					"$(inherited)",
				);
				GCC_WARN_64_TO_32_BIT_CONVERSION = YES;
				GCC_WARN_ABOUT_RETURN_TYPE = YES_ERROR;
				GCC_WARN_UNDECLARED_SELECTOR = YES;
				GCC_WARN_UNINITIALIZED_AUTOS = YES_AGGRESSIVE;
				GCC_WARN_UNUSED_FUNCTION = YES;
				GCC_WARN_UNUSED_VARIABLE = YES;
				IPHONEOS_DEPLOYMENT_TARGET = 10.2;
				MTL_ENABLE_DEBUG_INFO = YES;
				ONLY_ACTIVE_ARCH = YES;
				SDKROOT = iphoneos;
				SWIFT_ACTIVE_COMPILATION_CONDITIONS = DEBUG;
				SWIFT_OPTIMIZATION_LEVEL = "-Onone";
			};
			name = Debug;
		};
		4481F8D71E326E3E002FA88E /* Release */ = {
			isa = XCBuildConfiguration;
			buildSettings = {
				ALWAYS_SEARCH_USER_PATHS = NO;
				CLANG_ANALYZER_NONNULL = YES;
				CLANG_CXX_LANGUAGE_STANDARD = "gnu++0x";
				CLANG_CXX_LIBRARY = "libc++";
				CLANG_ENABLE_MODULES = YES;
				CLANG_ENABLE_OBJC_ARC = YES;
				CLANG_WARN_BOOL_CONVERSION = YES;
				CLANG_WARN_CONSTANT_CONVERSION = YES;
				CLANG_WARN_DIRECT_OBJC_ISA_USAGE = YES_ERROR;
				CLANG_WARN_DOCUMENTATION_COMMENTS = YES;
				CLANG_WARN_EMPTY_BODY = YES;
				CLANG_WARN_ENUM_CONVERSION = YES;
				CLANG_WARN_INFINITE_RECURSION = YES;
				CLANG_WARN_INT_CONVERSION = YES;
				CLANG_WARN_OBJC_ROOT_CLASS = YES_ERROR;
				CLANG_WARN_SUSPICIOUS_MOVE = YES;
				CLANG_WARN_UNREACHABLE_CODE = YES;
				CLANG_WARN__DUPLICATE_METHOD_MATCH = YES;
				"CODE_SIGN_IDENTITY[sdk=iphoneos*]" = "iPhone Developer";
				COPY_PHASE_STRIP = NO;
				DEBUG_INFORMATION_FORMAT = "dwarf-with-dsym";
				ENABLE_NS_ASSERTIONS = NO;
				ENABLE_STRICT_OBJC_MSGSEND = YES;
				GCC_C_LANGUAGE_STANDARD = gnu99;
				GCC_NO_COMMON_BLOCKS = YES;
				GCC_WARN_64_TO_32_BIT_CONVERSION = YES;
				GCC_WARN_ABOUT_RETURN_TYPE = YES_ERROR;
				GCC_WARN_UNDECLARED_SELECTOR = YES;
				GCC_WARN_UNINITIALIZED_AUTOS = YES_AGGRESSIVE;
				GCC_WARN_UNUSED_FUNCTION = YES;
				GCC_WARN_UNUSED_VARIABLE = YES;
				IPHONEOS_DEPLOYMENT_TARGET = 10.2;
				MTL_ENABLE_DEBUG_INFO = NO;
				SDKROOT = iphoneos;
				SWIFT_OPTIMIZATION_LEVEL = "-Owholemodule";
				VALIDATE_PRODUCT = YES;
			};
			name = Release;
		};
		4481F8D91E326E3E002FA88E /* Debug */ = {
			isa = XCBuildConfiguration;
			buildSettings = {
				ASSETCATALOG_COMPILER_APPICON_NAME = AppIcon;
				INFOPLIST_FILE = SnapshotLocationServicesBug/Info.plist;
				LD_RUNPATH_SEARCH_PATHS = "$(inherited) @executable_path/Frameworks";
				PRODUCT_BUNDLE_IDENTIFIER = com.craigsiemens.SnapshotLocationServicesBug;
				PRODUCT_NAME = "$(TARGET_NAME)";
				SWIFT_VERSION = 3.0;
			};
			name = Debug;
		};
		4481F8DA1E326E3E002FA88E /* Release */ = {
			isa = XCBuildConfiguration;
			buildSettings = {
				ASSETCATALOG_COMPILER_APPICON_NAME = AppIcon;
				INFOPLIST_FILE = SnapshotLocationServicesBug/Info.plist;
				LD_RUNPATH_SEARCH_PATHS = "$(inherited) @executable_path/Frameworks";
				PRODUCT_BUNDLE_IDENTIFIER = com.craigsiemens.SnapshotLocationServicesBug;
				PRODUCT_NAME = "$(TARGET_NAME)";
				SWIFT_VERSION = 3.0;
			};
			name = Release;
		};
		4481F8F71E327145002FA88E /* Debug */ = {
			isa = XCBuildConfiguration;
			buildSettings = {
				INFOPLIST_FILE = SnapshotLocationServicesBugUITests/Info.plist;
				LD_RUNPATH_SEARCH_PATHS = "$(inherited) @executable_path/Frameworks @loader_path/Frameworks";
				PRODUCT_BUNDLE_IDENTIFIER = com.craigsiemens.SnapshotLocationServicesBugUITests;
				PRODUCT_NAME = "$(TARGET_NAME)";
				SWIFT_VERSION = 3.0;
				TEST_TARGET_NAME = SnapshotLocationServicesBug;
			};
			name = Debug;
		};
		4481F8F81E327145002FA88E /* Release */ = {
			isa = XCBuildConfiguration;
			buildSettings = {
				INFOPLIST_FILE = SnapshotLocationServicesBugUITests/Info.plist;
				LD_RUNPATH_SEARCH_PATHS = "$(inherited) @executable_path/Frameworks @loader_path/Frameworks";
				PRODUCT_BUNDLE_IDENTIFIER = com.craigsiemens.SnapshotLocationServicesBugUITests;
				PRODUCT_NAME = "$(TARGET_NAME)";
				SWIFT_VERSION = 3.0;
				TEST_TARGET_NAME = SnapshotLocationServicesBug;
			};
			name = Release;
		};
/* End XCBuildConfiguration section */

/* Begin XCConfigurationList section */
		4481F8C11E326E3E002FA88E /* Build configuration list for PBXProject "SnapshotLocationServicesBug" */ = {
			isa = XCConfigurationList;
			buildConfigurations = (
				4481F8D61E326E3E002FA88E /* Debug */,
				4481F8D71E326E3E002FA88E /* Release */,
			);
			defaultConfigurationIsVisible = 0;
			defaultConfigurationName = Release;
		};
		4481F8D81E326E3E002FA88E /* Build configuration list for PBXNativeTarget "SnapshotLocationServicesBug" */ = {
			isa = XCConfigurationList;
			buildConfigurations = (
				4481F8D91E326E3E002FA88E /* Debug */,
				4481F8DA1E326E3E002FA88E /* Release */,
			);
			defaultConfigurationIsVisible = 0;
		};
		4481F8F61E327145002FA88E /* Build configuration list for PBXNativeTarget "SnapshotLocationServicesBugUITests" */ = {
			isa = XCConfigurationList;
			buildConfigurations = (
				4481F8F71E327145002FA88E /* Debug */,
				4481F8F81E327145002FA88E /* Release */,
			);
			defaultConfigurationIsVisible = 0;
		};
/* End XCConfigurationList section */
	};
	rootObject = 4481F8BE1E326E3E002FA88E /* Project object */;
}
